
Microsoft Visual Studio Solution File, Format Version 12.00
# Visual Studio Version 16
VisualStudioVersion = 16.0.28902.138
MinimumVisualStudioVersion = 10.0.40219.1
Project("{FAE04EC0-301F-11D3-BF4B-00C04F79EFBC}") = "IptvAccountInfo", "IptvAccountInfo\IptvAccountInfo.csproj", "{D010A1B0-E910-4D5E-BFD5-18B7A205D582}"
EndProject
Global
	GlobalSection(SolutionConfigurationPlatforms) = preSolution
		Debug|Any CPU = Debug|Any CPU
		Release|Any CPU = Release|Any CPU
	EndGlobalSection
	GlobalSection(ProjectConfigurationPlatforms) = postSolution
		{D010A1B0-E910-4D5E-BFD5-18B7A205D582}.Debug|Any CPU.ActiveCfg = Debug|Any CPU
		{D010A1B0-E910-4D5E-BFD5-18B7A205D582}.Debug|Any CPU.Build.0 = Debug|Any CPU
		{D010A1B0-E910-4D5E-BFD5-18B7A205D582}.Release|Any CPU.ActiveCfg = Release|Any CPU
		{D010A1B0-E910-4D5E-BFD5-18B7A205D582}.Release|Any CPU.Build.0 = Release|Any CPU
	EndGlobalSection
	GlobalSection(SolutionProperties) = preSolution
		HideSolutionNode = FALSE
	EndGlobalSection
	GlobalSection(ExtensibilityGlobals) = postSolution
		SolutionGuid = {BD84B3AA-2755-4F9E-80A4-36DF2BC2306D}
	EndGlobalSection
EndGlobal
